// !$*UTF8*$!
{
	archiveVersion = 1;
	classes = {
	};
	objectVersion = 56;
	objects = {

/* Begin PBXBuildFile section */
		0A0000000000000000000002 /* AreaMatrixApp.swift in Sources */ = {isa = PBXBuildFile; fileRef = 0A0000000000000000000013 /* AreaMatrixApp.swift */; };
		0A0000000000000000000003 /* MainWindow.swift in Sources */ = {isa = PBXBuildFile; fileRef = 0A0000000000000000000014 /* MainWindow.swift */; };
		0A0000000000000000000004 /* AreaMatrixAppSmokeTests.swift in Sources */ = {isa = PBXBuildFile; fileRef = 0A0000000000000000000015 /* AreaMatrixAppSmokeTests.swift */; };
		0A0000000000000000000005 /* CoreBridge.swift in Sources */ = {isa = PBXBuildFile; fileRef = 0A0000000000000000000017 /* CoreBridge.swift */; };
		0A0000000000000000000006 /* AppShellModel.swift in Sources */ = {isa = PBXBuildFile; fileRef = 0A0000000000000000000018 /* AppShellModel.swift */; };
		0A0000000000000000000007 /* CoreBridgePlaceholderState.swift in Sources */ = {isa = PBXBuildFile; fileRef = 0A0000000000000000000019 /* CoreBridgePlaceholderState.swift */; };
		0A0000000000000000000008 /* AreaMatrixShellTests.swift in Sources */ = {isa = PBXBuildFile; fileRef = 0A000000000000000000001A /* AreaMatrixShellTests.swift */; };
		0A0000000000000000000009 /* area_matrix.swift in Sources */ = {isa = PBXBuildFile; fileRef = 0A000000000000000000001C /* area_matrix.swift */; };
		0A000000000000000000000A /* ValidatePathStepView.swift in Sources */ = {isa = PBXBuildFile; fileRef = 0A000000000000000000001F /* ValidatePathStepView.swift */; };
		0A000000000000000000000B /* ValidatePathIntegrationTests.swift in Sources */ = {isa = PBXBuildFile; fileRef = 0A0000000000000000000020 /* ValidatePathIntegrationTests.swift */; };
		0A000000000000000000000C /* InitializingStepView.swift in Sources */ = {isa = PBXBuildFile; fileRef = 0A00000000000000000000A0 /* InitializingStepView.swift */; };
		0A000000000000000000000D /* InitializingStepIntegrationTests.swift in Sources */ = {isa = PBXBuildFile; fileRef = 0A00000000000000000000A1 /* InitializingStepIntegrationTests.swift */; };
		0A000000000000000000000E /* OnboardingInitializationProgress.swift in Sources */ = {isa = PBXBuildFile; fileRef = 0A00000000000000000000A2 /* OnboardingInitializationProgress.swift */; };
		0A000000000000000000000F /* InitializingStepRow.swift in Sources */ = {isa = PBXBuildFile; fileRef = 0A00000000000000000000A3 /* InitializingStepRow.swift */; };
		0A00000000000000000000B0 /* InitializationFailureActions.swift in Sources */ = {isa = PBXBuildFile; fileRef = 0A00000000000000000000B2 /* InitializationFailureActions.swift */; };
		0A00000000000000000000B1 /* InitFailedErrorMappingTests.swift in Sources */ = {isa = PBXBuildFile; fileRef = 0A00000000000000000000B3 /* InitFailedErrorMappingTests.swift */; };
		0A00000000000000000000C0 /* CoreRepositoryOpening.swift in Sources */ = {isa = PBXBuildFile; fileRef = 0A00000000000000000000C2 /* CoreRepositoryOpening.swift */; };
		0A00000000000000000000C1 /* InitDoneEmptyRepositoryTests.swift in Sources */ = {isa = PBXBuildFile; fileRef = 0A00000000000000000000C3 /* InitDoneEmptyRepositoryTests.swift */; };
		0A00000000000000000000D0 /* MainRepositoryContentView.swift in Sources */ = {isa = PBXBuildFile; fileRef = 0A00000000000000000000D1 /* MainRepositoryContentView.swift */; };
		0A00000000000000000000E0 /* CoreBridgeRepositoryTests.swift in Sources */ = {isa = PBXBuildFile; fileRef = 0A00000000000000000000E1 /* CoreBridgeRepositoryTests.swift */; };
		0A00000000000000000000F0 /* OnboardingIntroStepViews.swift in Sources */ = {isa = PBXBuildFile; fileRef = 0A00000000000000000000F1 /* OnboardingIntroStepViews.swift */; };
		0A00000000000000000000F2 /* WindowCloseConfirmationObserver.swift in Sources */ = {isa = PBXBuildFile; fileRef = 0A00000000000000000000F3 /* WindowCloseConfirmationObserver.swift */; };
		0A00000000000000000000F4 /* InitFailedStepView.swift in Sources */ = {isa = PBXBuildFile; fileRef = 0A00000000000000000000F5 /* InitFailedStepView.swift */; };
		0A00000000000000000000F6 /* DiagnosticsSnapshotState.swift in Sources */ = {isa = PBXBuildFile; fileRef = 0A00000000000000000000F7 /* DiagnosticsSnapshotState.swift */; };
		0A00000000000000000000F8 /* CoreBridgeSnapshots.swift in Sources */ = {isa = PBXBuildFile; fileRef = 0A00000000000000000000F9 /* CoreBridgeSnapshots.swift */; };
		0A00000000000000000000FA /* ValidatePathErrorMappingSmokeTests.swift in Sources */ = {isa = PBXBuildFile; fileRef = 0A00000000000000000000FB /* ValidatePathErrorMappingSmokeTests.swift */; };
		0A00000000000000000000FC /* AreaMatrixShellTestSupport.swift in Sources */ = {isa = PBXBuildFile; fileRef = 0A00000000000000000000FD /* AreaMatrixShellTestSupport.swift */; };
		0A00000000000000000000FE /* ValidatePathRepairTestSupport.swift in Sources */ = {isa = PBXBuildFile; fileRef = 0A00000000000000000000FF /* ValidatePathRepairTestSupport.swift */; };
		0A0000000000000000000100 /* CoreFileListing.swift in Sources */ = {isa = PBXBuildFile; fileRef = 0A0000000000000000000101 /* CoreFileListing.swift */; };
		0A0000000000000000000110 /* MainEmptyBuildTreeTests.swift in Sources */ = {isa = PBXBuildFile; fileRef = 0A0000000000000000000111 /* MainEmptyBuildTreeTests.swift */; };
		0A0000000000000000000120 /* ImportEntryRequest.swift in Sources */ = {isa = PBXBuildFile; fileRef = 0A0000000000000000000121 /* ImportEntryRequest.swift */; };
		0A0000000000000000000122 /* OnboardingModelInputs.swift in Sources */ = {isa = PBXBuildFile; fileRef = 0A0000000000000000000123 /* OnboardingModelInputs.swift */; };
		0A0000000000000000000124 /* AppPlatformServices.swift in Sources */ = {isa = PBXBuildFile; fileRef = 0A0000000000000000000125 /* AppPlatformServices.swift */; };
		0A0000000000000000000126 /* FileDropAdapter.swift in Sources */ = {isa = PBXBuildFile; fileRef = 0A0000000000000000000127 /* FileDropAdapter.swift */; };
		0A0000000000000000000128 /* ImportEntrySheetView.swift in Sources */ = {isa = PBXBuildFile; fileRef = 0A0000000000000000000129 /* ImportEntrySheetView.swift */; };
		0A000000000000000000012A /* MainEmptyImportEntryTests.swift in Sources */ = {isa = PBXBuildFile; fileRef = 0A000000000000000000012B /* MainEmptyImportEntryTests.swift */; };
		0A0000000000000000000130 /* MainFileListModel.swift in Sources */ = {isa = PBXBuildFile; fileRef = 0A0000000000000000000131 /* MainFileListModel.swift */; };
		0A0000000000000000000132 /* MainListFilesTests.swift in Sources */ = {isa = PBXBuildFile; fileRef = 0A0000000000000000000133 /* MainListFilesTests.swift */; };
		0A0000000000000000000134 /* MainListVisibleFileFiltering.swift in Sources */ = {isa = PBXBuildFile; fileRef = 0A0000000000000000000135 /* MainListVisibleFileFiltering.swift */; };
		0A0000000000000000000136 /* MainListIntegrationFilterTests.swift in Sources */ = {isa = PBXBuildFile; fileRef = 0A0000000000000000000137 /* MainListIntegrationFilterTests.swift */; };
		0A0000000000000000000138 /* MainListIntegrationClosureTests.swift in Sources */ = {isa = PBXBuildFile; fileRef = 0A0000000000000000000139 /* MainListIntegrationClosureTests.swift */; };
		0A000000000000000000013C /* MainRepositoryDetailPane.swift in Sources */ = {isa = PBXBuildFile; fileRef = 0A000000000000000000013D /* MainRepositoryDetailPane.swift */; };
		0A000000000000000000013E /* MainFileActionRoutingSheet.swift in Sources */ = {isa = PBXBuildFile; fileRef = 0A000000000000000000013F /* MainFileActionRoutingSheet.swift */; };
		0A0000000000000000000140 /* RenameFileSheet.swift in Sources */ = {isa = PBXBuildFile; fileRef = 0A0000000000000000000141 /* RenameFileSheet.swift */; };
		0A0000000000000000000142 /* ChangeCategorySheet.swift in Sources */ = {isa = PBXBuildFile; fileRef = 0A0000000000000000000143 /* ChangeCategorySheet.swift */; };
		0A0000000000000000000144 /* DeleteFileConfirmSheet.swift in Sources */ = {isa = PBXBuildFile; fileRef = 0A0000000000000000000145 /* DeleteFileConfirmSheet.swift */; };
		0A0000000000000000000146 /* MainLoadingState.swift in Sources */ = {isa = PBXBuildFile; fileRef = 0A0000000000000000000147 /* MainLoadingState.swift */; };
		0A0000000000000000000148 /* MainLoadingView.swift in Sources */ = {isa = PBXBuildFile; fileRef = 0A0000000000000000000149 /* MainLoadingView.swift */; };
		0A000000000000000000014A /* MainLoadingAdoptExistingTests.swift in Sources */ = {isa = PBXBuildFile; fileRef = 0A000000000000000000014B /* MainLoadingAdoptExistingTests.swift */; };
		0A000000000000000000014C /* StartupRecoveryModels.swift in Sources */ = {isa = PBXBuildFile; fileRef = 0A000000000000000000014D /* StartupRecoveryModels.swift */; };
		0A000000000000000000014E /* OnboardingRoute.swift in Sources */ = {isa = PBXBuildFile; fileRef = 0A000000000000000000014F /* OnboardingRoute.swift */; };
		0A0000000000000000000150 /* MainLoadingTestSupport.swift in Sources */ = {isa = PBXBuildFile; fileRef = 0A0000000000000000000151 /* MainLoadingTestSupport.swift */; };
		0A0000000000000000000152 /* MainLoadingFixtures.swift in Sources */ = {isa = PBXBuildFile; fileRef = 0A0000000000000000000153 /* MainLoadingFixtures.swift */; };
		0A0000000000000000000154 /* InitDoneTestSupport.swift in Sources */ = {isa = PBXBuildFile; fileRef = 0A0000000000000000000155 /* InitDoneTestSupport.swift */; };
		0A0000000000000000000156 /* CoreExternalChangesSyncing.swift in Sources */ = {isa = PBXBuildFile; fileRef = 0A0000000000000000000157 /* CoreExternalChangesSyncing.swift */; };
		0A0000000000000000000158 /* MainRepoExternalRemovalActions.swift in Sources */ = {isa = PBXBuildFile; fileRef = 0A0000000000000000000159 /* MainRepoExternalRemovalActions.swift */; };
		0A000000000000000000015A /* MainRepoExternalRemovalTests.swift in Sources */ = {isa = PBXBuildFile; fileRef = 0A000000000000000000015B /* MainRepoExternalRemovalTests.swift */; };
		0A000000000000000000015C /* RepositoryErrorPresentation.swift in Sources */ = {isa = PBXBuildFile; fileRef = 0A000000000000000000015D /* RepositoryErrorPresentation.swift */; };
		0A000000000000000000015E /* RepositoryErrorView.swift in Sources */ = {isa = PBXBuildFile; fileRef = 0A000000000000000000015F /* RepositoryErrorView.swift */; };
		0A0000000000000000000160 /* MainRepoErrorMappingTests.swift in Sources */ = {isa = PBXBuildFile; fileRef = 0A0000000000000000000161 /* MainRepoErrorMappingTests.swift */; };
		0A0000000000000000000162 /* MainRepoErrorActions.swift in Sources */ = {isa = PBXBuildFile; fileRef = 0A0000000000000000000163 /* MainRepoErrorActions.swift */; };
		0A0000000000000000000164 /* MainWindowIntegrationVerifyTests.swift in Sources */ = {isa = PBXBuildFile; fileRef = 0A0000000000000000000165 /* MainWindowIntegrationVerifyTests.swift */; };
		0A0000000000000000000166 /* ImportDropPreviewModel.swift in Sources */ = {isa = PBXBuildFile; fileRef = 0A0000000000000000000167 /* ImportDropPreviewModel.swift */; };
		0A0000000000000000000168 /* ImportDropTargetView.swift in Sources */ = {isa = PBXBuildFile; fileRef = 0A0000000000000000000169 /* ImportDropTargetView.swift */; };
		0A000000000000000000016A /* ImportDropPreviewModelTests.swift in Sources */ = {isa = PBXBuildFile; fileRef = 0A000000000000000000016B /* ImportDropPreviewModelTests.swift */; };
		0A000000000000000000016C /* ImportSingleFilePreviewModel.swift in Sources */ = {isa = PBXBuildFile; fileRef = 0A000000000000000000016D /* ImportSingleFilePreviewModel.swift */; };
		0A000000000000000000016E /* ImportSingleFilePreviewModelTests.swift in Sources */ = {isa = PBXBuildFile; fileRef = 0A000000000000000000016F /* ImportSingleFilePreviewModelTests.swift */; };
		0A0000000000000000000170 /* CoreImporting.swift in Sources */ = {isa = PBXBuildFile; fileRef = 0A0000000000000000000171 /* CoreImporting.swift */; };
		0A0000000000000000000172 /* ImportSingleFileSheetSections.swift in Sources */ = {isa = PBXBuildFile; fileRef = 0A0000000000000000000173 /* ImportSingleFileSheetSections.swift */; };
/* End PBXBuildFile section */

/* Begin PBXContainerItemProxy section */
		0A0000000000000000000061 /* PBXContainerItemProxy */ = {
			isa = PBXContainerItemProxy;
			containerPortal = 0A0000000000000000000030 /* Project object */;
			proxyType = 1;
			remoteGlobalIDString = 0A0000000000000000000040;
			remoteInfo = AreaMatrix;
		};
/* End PBXContainerItemProxy section */

/* Begin PBXFileReference section */
		0A0000000000000000000011 /* AreaMatrixShellApp.swift */ = {isa = PBXFileReference; lastKnownFileType = sourcecode.swift; path = AreaMatrix.xcodeproj/Shell/AreaMatrixShellApp.swift; sourceTree = SOURCE_ROOT; };
		0A0000000000000000000012 /* AreaMatrix.app */ = {isa = PBXFileReference; explicitFileType = wrapper.application; includeInIndex = 0; path = AreaMatrix.app; sourceTree = BUILT_PRODUCTS_DIR; };
		0A0000000000000000000013 /* AreaMatrixApp.swift */ = {isa = PBXFileReference; lastKnownFileType = sourcecode.swift; path = AreaMatrix/App/AreaMatrixApp.swift; sourceTree = SOURCE_ROOT; };
		0A0000000000000000000014 /* MainWindow.swift */ = {isa = PBXFileReference; lastKnownFileType = sourcecode.swift; path = AreaMatrix/Views/MainWindow.swift; sourceTree = SOURCE_ROOT; };
		0A0000000000000000000015 /* AreaMatrixAppSmokeTests.swift */ = {isa = PBXFileReference; lastKnownFileType = sourcecode.swift; path = AreaMatrix/App/AreaMatrixAppSmokeTests.swift; sourceTree = SOURCE_ROOT; };
		0A0000000000000000000016 /* AreaMatrixTests.xctest */ = {isa = PBXFileReference; explicitFileType = wrapper.cfbundle; includeInIndex = 0; path = AreaMatrixTests.xctest; sourceTree = BUILT_PRODUCTS_DIR; };
		0A0000000000000000000017 /* CoreBridge.swift */ = {isa = PBXFileReference; lastKnownFileType = sourcecode.swift; path = AreaMatrix/Bridge/CoreBridge.swift; sourceTree = SOURCE_ROOT; };
		0A0000000000000000000018 /* AppShellModel.swift */ = {isa = PBXFileReference; lastKnownFileType = sourcecode.swift; path = AreaMatrix/Models/AppShellModel.swift; sourceTree = SOURCE_ROOT; };
		0A0000000000000000000019 /* CoreBridgePlaceholderState.swift */ = {isa = PBXFileReference; lastKnownFileType = sourcecode.swift; path = AreaMatrix/Models/CoreBridgePlaceholderState.swift; sourceTree = SOURCE_ROOT; };
		0A000000000000000000001A /* AreaMatrixShellTests.swift */ = {isa = PBXFileReference; lastKnownFileType = sourcecode.swift; path = AreaMatrixTests/AreaMatrixShellTests.swift; sourceTree = SOURCE_ROOT; };
		0A000000000000000000001B /* AreaMatrix-Bridging-Header.h */ = {isa = PBXFileReference; lastKnownFileType = sourcecode.c.h; path = "AreaMatrix/AreaMatrix-Bridging-Header.h"; sourceTree = SOURCE_ROOT; };
		0A000000000000000000001C /* area_matrix.swift */ = {isa = PBXFileReference; lastKnownFileType = sourcecode.swift; path = AreaMatrix/Bridge/UniFFI/area_matrix.swift; sourceTree = SOURCE_ROOT; };
		0A000000000000000000001D /* area_matrixFFI.h */ = {isa = PBXFileReference; lastKnownFileType = sourcecode.c.h; path = AreaMatrix/Bridge/UniFFI/area_matrixFFI.h; sourceTree = SOURCE_ROOT; };
		0A000000000000000000001E /* module.modulemap */ = {isa = PBXFileReference; lastKnownFileType = "sourcecode.module-map"; path = AreaMatrix/Bridge/UniFFI/module.modulemap; sourceTree = SOURCE_ROOT; };
		0A000000000000000000001F /* ValidatePathStepView.swift */ = {isa = PBXFileReference; lastKnownFileType = sourcecode.swift; path = AreaMatrix/Views/Onboarding/ValidatePathStepView.swift; sourceTree = SOURCE_ROOT; };
		0A0000000000000000000020 /* ValidatePathIntegrationTests.swift */ = {isa = PBXFileReference; lastKnownFileType = sourcecode.swift; path = AreaMatrixTests/ValidatePathIntegrationTests.swift; sourceTree = SOURCE_ROOT; };
		0A00000000000000000000A0 /* InitializingStepView.swift */ = {isa = PBXFileReference; lastKnownFileType = sourcecode.swift; path = AreaMatrix/Views/Onboarding/InitializingStepView.swift; sourceTree = SOURCE_ROOT; };
		0A00000000000000000000A1 /* InitializingStepIntegrationTests.swift */ = {isa = PBXFileReference; lastKnownFileType = sourcecode.swift; path = AreaMatrixTests/InitializingStepIntegrationTests.swift; sourceTree = SOURCE_ROOT; };
		0A00000000000000000000A2 /* OnboardingInitializationProgress.swift */ = {isa = PBXFileReference; lastKnownFileType = sourcecode.swift; path = AreaMatrix/Models/OnboardingInitializationProgress.swift; sourceTree = SOURCE_ROOT; };
		0A00000000000000000000A3 /* InitializingStepRow.swift */ = {isa = PBXFileReference; lastKnownFileType = sourcecode.swift; path = AreaMatrix/Views/Onboarding/InitializingStepRow.swift; sourceTree = SOURCE_ROOT; };
		0A00000000000000000000B2 /* InitializationFailureActions.swift */ = {isa = PBXFileReference; lastKnownFileType = sourcecode.swift; path = AreaMatrix/Models/InitializationFailureActions.swift; sourceTree = SOURCE_ROOT; };
		0A00000000000000000000B3 /* InitFailedErrorMappingTests.swift */ = {isa = PBXFileReference; lastKnownFileType = sourcecode.swift; path = AreaMatrixTests/InitFailedErrorMappingTests.swift; sourceTree = SOURCE_ROOT; };
		0A00000000000000000000C2 /* CoreRepositoryOpening.swift */ = {isa = PBXFileReference; lastKnownFileType = sourcecode.swift; path = AreaMatrix/Bridge/CoreRepositoryOpening.swift; sourceTree = SOURCE_ROOT; };
		0A00000000000000000000C3 /* InitDoneEmptyRepositoryTests.swift */ = {isa = PBXFileReference; lastKnownFileType = sourcecode.swift; path = AreaMatrixTests/InitDoneEmptyRepositoryTests.swift; sourceTree = SOURCE_ROOT; };
		0A00000000000000000000D1 /* MainRepositoryContentView.swift */ = {isa = PBXFileReference; lastKnownFileType = sourcecode.swift; path = AreaMatrix/Views/Main/MainRepositoryContentView.swift; sourceTree = SOURCE_ROOT; };
		0A00000000000000000000E1 /* CoreBridgeRepositoryTests.swift */ = {isa = PBXFileReference; lastKnownFileType = sourcecode.swift; path = AreaMatrixTests/CoreBridgeRepositoryTests.swift; sourceTree = SOURCE_ROOT; };
		0A00000000000000000000F1 /* OnboardingIntroStepViews.swift */ = {isa = PBXFileReference; lastKnownFileType = sourcecode.swift; path = AreaMatrix/Views/Onboarding/OnboardingIntroStepViews.swift; sourceTree = SOURCE_ROOT; };
		0A00000000000000000000F3 /* WindowCloseConfirmationObserver.swift */ = {isa = PBXFileReference; lastKnownFileType = sourcecode.swift; path = AreaMatrix/Views/Onboarding/WindowCloseConfirmationObserver.swift; sourceTree = SOURCE_ROOT; };
		0A00000000000000000000F5 /* InitFailedStepView.swift */ = {isa = PBXFileReference; lastKnownFileType = sourcecode.swift; path = AreaMatrix/Views/Onboarding/InitFailedStepView.swift; sourceTree = SOURCE_ROOT; };
		0A00000000000000000000F7 /* DiagnosticsSnapshotState.swift */ = {isa = PBXFileReference; lastKnownFileType = sourcecode.swift; path = AreaMatrix/Models/DiagnosticsSnapshotState.swift; sourceTree = SOURCE_ROOT; };
		0A00000000000000000000F9 /* CoreBridgeSnapshots.swift */ = {isa = PBXFileReference; lastKnownFileType = sourcecode.swift; path = AreaMatrix/Bridge/CoreBridgeSnapshots.swift; sourceTree = SOURCE_ROOT; };
		0A00000000000000000000FB /* ValidatePathErrorMappingSmokeTests.swift */ = {isa = PBXFileReference; lastKnownFileType = sourcecode.swift; path = AreaMatrixTests/ValidatePathErrorMappingSmokeTests.swift; sourceTree = SOURCE_ROOT; };
		0A00000000000000000000FD /* AreaMatrixShellTestSupport.swift */ = {isa = PBXFileReference; lastKnownFileType = sourcecode.swift; path = AreaMatrixTests/AreaMatrixShellTestSupport.swift; sourceTree = SOURCE_ROOT; };
		0A00000000000000000000FF /* ValidatePathRepairTestSupport.swift */ = {isa = PBXFileReference; lastKnownFileType = sourcecode.swift; path = AreaMatrixTests/ValidatePathRepairTestSupport.swift; sourceTree = SOURCE_ROOT; };
		0A0000000000000000000101 /* CoreFileListing.swift */ = {isa = PBXFileReference; lastKnownFileType = sourcecode.swift; path = AreaMatrix/Bridge/CoreFileListing.swift; sourceTree = SOURCE_ROOT; };
		0A0000000000000000000111 /* MainEmptyBuildTreeTests.swift */ = {isa = PBXFileReference; lastKnownFileType = sourcecode.swift; path = AreaMatrixTests/MainEmptyBuildTreeTests.swift; sourceTree = SOURCE_ROOT; };
		0A0000000000000000000121 /* ImportEntryRequest.swift */ = {isa = PBXFileReference; lastKnownFileType = sourcecode.swift; path = AreaMatrix/Models/ImportEntryRequest.swift; sourceTree = SOURCE_ROOT; };
		0A0000000000000000000123 /* OnboardingModelInputs.swift */ = {isa = PBXFileReference; lastKnownFileType = sourcecode.swift; path = AreaMatrix/Models/OnboardingModelInputs.swift; sourceTree = SOURCE_ROOT; };
		0A0000000000000000000125 /* AppPlatformServices.swift */ = {isa = PBXFileReference; lastKnownFileType = sourcecode.swift; path = AreaMatrix/App/AppPlatformServices.swift; sourceTree = SOURCE_ROOT; };
		0A0000000000000000000127 /* FileDropAdapter.swift */ = {isa = PBXFileReference; lastKnownFileType = sourcecode.swift; path = AreaMatrix/Views/Main/FileDropAdapter.swift; sourceTree = SOURCE_ROOT; };
		0A0000000000000000000129 /* ImportEntrySheetView.swift */ = {isa = PBXFileReference; lastKnownFileType = sourcecode.swift; path = AreaMatrix/Views/Main/ImportEntrySheetView.swift; sourceTree = SOURCE_ROOT; };
		0A000000000000000000012B /* MainEmptyImportEntryTests.swift */ = {isa = PBXFileReference; lastKnownFileType = sourcecode.swift; path = AreaMatrixTests/MainEmptyImportEntryTests.swift; sourceTree = SOURCE_ROOT; };
		0A0000000000000000000131 /* MainFileListModel.swift */ = {isa = PBXFileReference; lastKnownFileType = sourcecode.swift; path = AreaMatrix/Models/MainFileListModel.swift; sourceTree = SOURCE_ROOT; };
		0A0000000000000000000133 /* MainListFilesTests.swift */ = {isa = PBXFileReference; lastKnownFileType = sourcecode.swift; path = AreaMatrixTests/MainListFilesTests.swift; sourceTree = SOURCE_ROOT; };
		0A0000000000000000000135 /* MainListVisibleFileFiltering.swift */ = {isa = PBXFileReference; lastKnownFileType = sourcecode.swift; path = AreaMatrix/Models/MainListVisibleFileFiltering.swift; sourceTree = SOURCE_ROOT; };
		0A0000000000000000000137 /* MainListIntegrationFilterTests.swift */ = {isa = PBXFileReference; lastKnownFileType = sourcecode.swift; path = AreaMatrixTests/MainListIntegrationFilterTests.swift; sourceTree = SOURCE_ROOT; };
		0A0000000000000000000139 /* MainListIntegrationClosureTests.swift */ = {isa = PBXFileReference; lastKnownFileType = sourcecode.swift; path = AreaMatrixTests/MainListIntegrationClosureTests.swift; sourceTree = SOURCE_ROOT; };
		0A000000000000000000013D /* MainRepositoryDetailPane.swift */ = {isa = PBXFileReference; lastKnownFileType = sourcecode.swift; path = AreaMatrix/Views/Main/MainRepositoryDetailPane.swift; sourceTree = SOURCE_ROOT; };
		0A000000000000000000013F /* MainFileActionRoutingSheet.swift */ = {isa = PBXFileReference; lastKnownFileType = sourcecode.swift; path = AreaMatrix/Views/Main/MainFileActionRoutingSheet.swift; sourceTree = SOURCE_ROOT; };
		0A0000000000000000000141 /* RenameFileSheet.swift */ = {isa = PBXFileReference; lastKnownFileType = sourcecode.swift; path = AreaMatrix/Views/Main/RenameFileSheet.swift; sourceTree = SOURCE_ROOT; };
		0A0000000000000000000143 /* ChangeCategorySheet.swift */ = {isa = PBXFileReference; lastKnownFileType = sourcecode.swift; path = AreaMatrix/Views/Main/ChangeCategorySheet.swift; sourceTree = SOURCE_ROOT; };
		0A0000000000000000000145 /* DeleteFileConfirmSheet.swift */ = {isa = PBXFileReference; lastKnownFileType = sourcecode.swift; path = AreaMatrix/Views/Main/DeleteFileConfirmSheet.swift; sourceTree = SOURCE_ROOT; };
		0A0000000000000000000147 /* MainLoadingState.swift */ = {isa = PBXFileReference; lastKnownFileType = sourcecode.swift; path = AreaMatrix/Models/MainLoadingState.swift; sourceTree = SOURCE_ROOT; };
		0A0000000000000000000149 /* MainLoadingView.swift */ = {isa = PBXFileReference; lastKnownFileType = sourcecode.swift; path = AreaMatrix/Views/Main/MainLoadingView.swift; sourceTree = SOURCE_ROOT; };
		0A000000000000000000014B /* MainLoadingAdoptExistingTests.swift */ = {isa = PBXFileReference; lastKnownFileType = sourcecode.swift; path = AreaMatrixTests/MainLoadingAdoptExistingTests.swift; sourceTree = SOURCE_ROOT; };
		0A000000000000000000014D /* StartupRecoveryModels.swift */ = {isa = PBXFileReference; lastKnownFileType = sourcecode.swift; path = AreaMatrix/Models/StartupRecoveryModels.swift; sourceTree = SOURCE_ROOT; };
		0A000000000000000000014F /* OnboardingRoute.swift */ = {isa = PBXFileReference; lastKnownFileType = sourcecode.swift; path = AreaMatrix/Models/OnboardingRoute.swift; sourceTree = SOURCE_ROOT; };
		0A0000000000000000000151 /* MainLoadingTestSupport.swift */ = {isa = PBXFileReference; lastKnownFileType = sourcecode.swift; path = AreaMatrixTests/MainLoadingTestSupport.swift; sourceTree = SOURCE_ROOT; };
		0A0000000000000000000153 /* MainLoadingFixtures.swift */ = {isa = PBXFileReference; lastKnownFileType = sourcecode.swift; path = AreaMatrixTests/MainLoadingFixtures.swift; sourceTree = SOURCE_ROOT; };
		0A0000000000000000000155 /* InitDoneTestSupport.swift */ = {isa = PBXFileReference; lastKnownFileType = sourcecode.swift; path = AreaMatrixTests/InitDoneTestSupport.swift; sourceTree = SOURCE_ROOT; };
		0A0000000000000000000157 /* CoreExternalChangesSyncing.swift */ = {isa = PBXFileReference; lastKnownFileType = sourcecode.swift; path = AreaMatrix/Bridge/CoreExternalChangesSyncing.swift; sourceTree = SOURCE_ROOT; };
		0A0000000000000000000159 /* MainRepoExternalRemovalActions.swift */ = {isa = PBXFileReference; lastKnownFileType = sourcecode.swift; path = AreaMatrix/Models/MainRepoExternalRemovalActions.swift; sourceTree = SOURCE_ROOT; };
		0A000000000000000000015B /* MainRepoExternalRemovalTests.swift */ = {isa = PBXFileReference; lastKnownFileType = sourcecode.swift; path = AreaMatrixTests/MainRepoExternalRemovalTests.swift; sourceTree = SOURCE_ROOT; };
		0A000000000000000000015D /* RepositoryErrorPresentation.swift */ = {isa = PBXFileReference; lastKnownFileType = sourcecode.swift; path = AreaMatrix/Models/RepositoryErrorPresentation.swift; sourceTree = SOURCE_ROOT; };
		0A000000000000000000015F /* RepositoryErrorView.swift */ = {isa = PBXFileReference; lastKnownFileType = sourcecode.swift; path = AreaMatrix/Views/Main/RepositoryErrorView.swift; sourceTree = SOURCE_ROOT; };
		0A0000000000000000000161 /* MainRepoErrorMappingTests.swift */ = {isa = PBXFileReference; lastKnownFileType = sourcecode.swift; path = AreaMatrixTests/MainRepoErrorMappingTests.swift; sourceTree = SOURCE_ROOT; };
		0A0000000000000000000163 /* MainRepoErrorActions.swift */ = {isa = PBXFileReference; lastKnownFileType = sourcecode.swift; path = AreaMatrix/Models/MainRepoErrorActions.swift; sourceTree = SOURCE_ROOT; };
		0A0000000000000000000165 /* MainWindowIntegrationVerifyTests.swift */ = {isa = PBXFileReference; lastKnownFileType = sourcecode.swift; path = AreaMatrixTests/MainWindowIntegrationVerifyTests.swift; sourceTree = SOURCE_ROOT; };
		0A0000000000000000000167 /* ImportDropPreviewModel.swift */ = {isa = PBXFileReference; lastKnownFileType = sourcecode.swift; path = AreaMatrix/Models/ImportDropPreviewModel.swift; sourceTree = SOURCE_ROOT; };
		0A0000000000000000000169 /* ImportDropTargetView.swift */ = {isa = PBXFileReference; lastKnownFileType = sourcecode.swift; path = AreaMatrix/Views/Main/ImportDropTargetView.swift; sourceTree = SOURCE_ROOT; };
		0A000000000000000000016B /* ImportDropPreviewModelTests.swift */ = {isa = PBXFileReference; lastKnownFileType = sourcecode.swift; path = AreaMatrixTests/ImportDropPreviewModelTests.swift; sourceTree = SOURCE_ROOT; };
		0A000000000000000000016D /* ImportSingleFilePreviewModel.swift */ = {isa = PBXFileReference; lastKnownFileType = sourcecode.swift; path = AreaMatrix/Models/ImportSingleFilePreviewModel.swift; sourceTree = SOURCE_ROOT; };
		0A000000000000000000016F /* ImportSingleFilePreviewModelTests.swift */ = {isa = PBXFileReference; lastKnownFileType = sourcecode.swift; path = AreaMatrixTests/ImportSingleFilePreviewModelTests.swift; sourceTree = SOURCE_ROOT; };
		0A0000000000000000000171 /* CoreImporting.swift */ = {isa = PBXFileReference; lastKnownFileType = sourcecode.swift; path = AreaMatrix/Bridge/CoreImporting.swift; sourceTree = SOURCE_ROOT; };
		0A0000000000000000000173 /* ImportSingleFileSheetSections.swift */ = {isa = PBXFileReference; lastKnownFileType = sourcecode.swift; path = AreaMatrix/Views/Main/ImportSingleFileSheetSections.swift; sourceTree = SOURCE_ROOT; };
/* End PBXFileReference section */

/* Begin PBXFrameworksBuildPhase section */
		0A0000000000000000000021 /* Frameworks */ = {
			isa = PBXFrameworksBuildPhase;
			buildActionMask = 2147483647;
			files = (
			);
			runOnlyForDeploymentPostprocessing = 0;
		};
		0A0000000000000000000022 /* Frameworks */ = {
			isa = PBXFrameworksBuildPhase;
			buildActionMask = 2147483647;
			files = (
			);
			runOnlyForDeploymentPostprocessing = 0;
		};
/* End PBXFrameworksBuildPhase section */

/* Begin PBXGroup section */
		0A0000000000000000000031 = {
			isa = PBXGroup;
			children = (
				0A0000000000000000000032 /* Shell */,
				0A0000000000000000000033 /* Future SwiftUI Structure */,
				0A000000000000000000003A /* Tests */,
				0A0000000000000000000034 /* Products */,
			);
			sourceTree = "<group>";
		};
		0A0000000000000000000032 /* Shell */ = {
			isa = PBXGroup;
			children = (
				0A0000000000000000000011 /* AreaMatrixShellApp.swift */,
			);
			name = Shell;
			sourceTree = "<group>";
		};
		0A0000000000000000000033 /* Future SwiftUI Structure */ = {
			isa = PBXGroup;
			children = (
				0A0000000000000000000035 /* App */,
				0A0000000000000000000036 /* Views */,
				0A0000000000000000000037 /* Bridge */,
				0A0000000000000000000038 /* Models */,
				0A0000000000000000000039 /* Resources */,
			);
			name = "Future SwiftUI Structure";
			sourceTree = "<group>";
		};
		0A0000000000000000000034 /* Products */ = {
			isa = PBXGroup;
			children = (
				0A0000000000000000000012 /* AreaMatrix.app */,
				0A0000000000000000000016 /* AreaMatrixTests.xctest */,
			);
			name = Products;
			sourceTree = "<group>";
		};
		0A0000000000000000000035 /* App */ = {
			isa = PBXGroup;
			children = (
				0A0000000000000000000013 /* AreaMatrixApp.swift */,
				0A0000000000000000000125 /* AppPlatformServices.swift */,
				0A0000000000000000000015 /* AreaMatrixAppSmokeTests.swift */,
			);
			name = App;
			sourceTree = "<group>";
		};
		0A0000000000000000000036 /* Views */ = {
			isa = PBXGroup;
			children = (
				0A0000000000000000000014 /* MainWindow.swift */,
				0A00000000000000000000D1 /* MainRepositoryContentView.swift */,
				0A000000000000000000013D /* MainRepositoryDetailPane.swift */,
				0A000000000000000000013F /* MainFileActionRoutingSheet.swift */,
				0A0000000000000000000141 /* RenameFileSheet.swift */,
				0A0000000000000000000143 /* ChangeCategorySheet.swift */,
				0A0000000000000000000145 /* DeleteFileConfirmSheet.swift */,
				0A0000000000000000000149 /* MainLoadingView.swift */,
				0A000000000000000000015F /* RepositoryErrorView.swift */,
				0A0000000000000000000127 /* FileDropAdapter.swift */,
				0A0000000000000000000169 /* ImportDropTargetView.swift */,
				0A0000000000000000000129 /* ImportEntrySheetView.swift */,
				0A0000000000000000000173 /* ImportSingleFileSheetSections.swift */,
				0A000000000000000000001F /* ValidatePathStepView.swift */,
				0A00000000000000000000A0 /* InitializingStepView.swift */,
				0A00000000000000000000A3 /* InitializingStepRow.swift */,
				0A00000000000000000000F1 /* OnboardingIntroStepViews.swift */,
				0A00000000000000000000F3 /* WindowCloseConfirmationObserver.swift */,
				0A00000000000000000000F5 /* InitFailedStepView.swift */,
			);
			name = Views;
			sourceTree = "<group>";
		};
		0A0000000000000000000037 /* Bridge */ = {
			isa = PBXGroup;
			children = (
				0A0000000000000000000017 /* CoreBridge.swift */,
				0A00000000000000000000F9 /* CoreBridgeSnapshots.swift */,
				0A00000000000000000000C2 /* CoreRepositoryOpening.swift */,
				0A0000000000000000000101 /* CoreFileListing.swift */,
				0A0000000000000000000171 /* CoreImporting.swift */,
				0A0000000000000000000157 /* CoreExternalChangesSyncing.swift */,
				0A000000000000000000001B /* AreaMatrix-Bridging-Header.h */,
				0A000000000000000000003B /* UniFFI */,
			);
			name = Bridge;
			sourceTree = "<group>";
		};
		0A000000000000000000003B /* UniFFI */ = {
			isa = PBXGroup;
			children = (
				0A000000000000000000001C /* area_matrix.swift */,
				0A000000000000000000001D /* area_matrixFFI.h */,
				0A000000000000000000001E /* module.modulemap */,
			);
			name = UniFFI;
			sourceTree = "<group>";
		};
		0A0000000000000000000038 /* Models */ = {
			isa = PBXGroup;
			children = (
				0A0000000000000000000018 /* AppShellModel.swift */,
				0A000000000000000000014F /* OnboardingRoute.swift */,
				0A0000000000000000000019 /* CoreBridgePlaceholderState.swift */,
				0A0000000000000000000121 /* ImportEntryRequest.swift */,
				0A0000000000000000000167 /* ImportDropPreviewModel.swift */,
				0A000000000000000000016D /* ImportSingleFilePreviewModel.swift */,
				0A0000000000000000000123 /* OnboardingModelInputs.swift */,
				0A0000000000000000000131 /* MainFileListModel.swift */,
				0A0000000000000000000135 /* MainListVisibleFileFiltering.swift */,
				0A0000000000000000000147 /* MainLoadingState.swift */,
				0A000000000000000000014D /* StartupRecoveryModels.swift */,
				0A00000000000000000000F7 /* DiagnosticsSnapshotState.swift */,
				0A000000000000000000015D /* RepositoryErrorPresentation.swift */,
				0A00000000000000000000A2 /* OnboardingInitializationProgress.swift */,
				0A0000000000000000000159 /* MainRepoExternalRemovalActions.swift */,
				0A0000000000000000000163 /* MainRepoErrorActions.swift */,
				0A00000000000000000000B2 /* InitializationFailureActions.swift */,
			);
			name = Models;
			sourceTree = "<group>";
		};
		0A0000000000000000000039 /* Resources */ = {
			isa = PBXGroup;
			children = (
			);
			name = Resources;
			sourceTree = "<group>";
		};
		0A000000000000000000003A /* Tests */ = {
			isa = PBXGroup;
			children = (
				0A000000000000000000001A /* AreaMatrixShellTests.swift */,
				0A000000000000000000015B /* MainRepoExternalRemovalTests.swift */,
				0A0000000000000000000161 /* MainRepoErrorMappingTests.swift */,
				0A0000000000000000000165 /* MainWindowIntegrationVerifyTests.swift */,
				0A0000000000000000000020 /* ValidatePathIntegrationTests.swift */,
				0A00000000000000000000A1 /* InitializingStepIntegrationTests.swift */,
				0A00000000000000000000B3 /* InitFailedErrorMappingTests.swift */,
				0A00000000000000000000C3 /* InitDoneEmptyRepositoryTests.swift */,
				0A0000000000000000000155 /* InitDoneTestSupport.swift */,
				0A0000000000000000000111 /* MainEmptyBuildTreeTests.swift */,
				0A000000000000000000012B /* MainEmptyImportEntryTests.swift */,
				0A000000000000000000016B /* ImportDropPreviewModelTests.swift */,
				0A000000000000000000016F /* ImportSingleFilePreviewModelTests.swift */,
				0A0000000000000000000133 /* MainListFilesTests.swift */,
				0A0000000000000000000137 /* MainListIntegrationFilterTests.swift */,
				0A0000000000000000000139 /* MainListIntegrationClosureTests.swift */,
				0A000000000000000000014B /* MainLoadingAdoptExistingTests.swift */,
				0A0000000000000000000151 /* MainLoadingTestSupport.swift */,
				0A0000000000000000000153 /* MainLoadingFixtures.swift */,
				0A00000000000000000000E1 /* CoreBridgeRepositoryTests.swift */,
				0A00000000000000000000FB /* ValidatePathErrorMappingSmokeTests.swift */,
				0A00000000000000000000FD /* AreaMatrixShellTestSupport.swift */,
				0A00000000000000000000FF /* ValidatePathRepairTestSupport.swift */,
			);
			name = Tests;
			sourceTree = "<group>";
		};
/* End PBXGroup section */

/* Begin PBXNativeTarget section */
		0A0000000000000000000040 /* AreaMatrix */ = {
			isa = PBXNativeTarget;
			buildConfigurationList = 0A0000000000000000000070 /* Build configuration list for PBXNativeTarget "AreaMatrix" */;
			buildPhases = (
				0A0000000000000000000054 /* Build Core Static Library */,
				0A0000000000000000000050 /* Sources */,
				0A0000000000000000000021 /* Frameworks */,
				0A0000000000000000000051 /* Resources */,
			);
			buildRules = (
			);
			dependencies = (
			);
			name = AreaMatrix;
			productName = AreaMatrix;
			productReference = 0A0000000000000000000012 /* AreaMatrix.app */;
			productType = "com.apple.product-type.application";
		};
		0A0000000000000000000041 /* AreaMatrixTests */ = {
			isa = PBXNativeTarget;
			buildConfigurationList = 0A0000000000000000000072 /* Build configuration list for PBXNativeTarget "AreaMatrixTests" */;
			buildPhases = (
				0A0000000000000000000052 /* Sources */,
				0A0000000000000000000022 /* Frameworks */,
				0A0000000000000000000053 /* Resources */,
			);
			buildRules = (
			);
			dependencies = (
				0A0000000000000000000060 /* PBXTargetDependency */,
			);
			name = AreaMatrixTests;
			productName = AreaMatrixTests;
			productReference = 0A0000000000000000000016 /* AreaMatrixTests.xctest */;
			productType = "com.apple.product-type.bundle.unit-test";
		};
/* End PBXNativeTarget section */

/* Begin PBXProject section */
		0A0000000000000000000030 /* Project object */ = {
			isa = PBXProject;
			attributes = {
				BuildIndependentTargetsInParallel = 1;
				LastSwiftUpdateCheck = 2620;
				LastUpgradeCheck = 2620;
				TargetAttributes = {
					0A0000000000000000000040 = {
						CreatedOnToolsVersion = 26.2;
					};
					0A0000000000000000000041 = {
						CreatedOnToolsVersion = 26.2;
					};
				};
			};
			buildConfigurationList = 0A0000000000000000000071 /* Build configuration list for PBXProject "AreaMatrix" */;
			compatibilityVersion = "Xcode 14.0";
			developmentRegion = en;
			hasScannedForEncodings = 0;
			knownRegions = (
				en,
				Base,
			);
			mainGroup = 0A0000000000000000000031;
			productRefGroup = 0A0000000000000000000034 /* Products */;
			projectDirPath = "";
			projectRoot = "";
			targets = (
				0A0000000000000000000040 /* AreaMatrix */,
				0A0000000000000000000041 /* AreaMatrixTests */,
			);
		};
/* End PBXProject section */

/* Begin PBXResourcesBuildPhase section */
		0A0000000000000000000051 /* Resources */ = {
			isa = PBXResourcesBuildPhase;
			buildActionMask = 2147483647;
			files = (
			);
			runOnlyForDeploymentPostprocessing = 0;
		};
		0A0000000000000000000053 /* Resources */ = {
			isa = PBXResourcesBuildPhase;
			buildActionMask = 2147483647;
			files = (
			);
			runOnlyForDeploymentPostprocessing = 0;
		};
/* End PBXResourcesBuildPhase section */

/* Begin PBXShellScriptBuildPhase section */
		0A0000000000000000000054 /* Build Core Static Library */ = {
			isa = PBXShellScriptBuildPhase;
			alwaysOutOfDate = 1;
			buildActionMask = 2147483647;
			files = (
			);
			inputPaths = (
				"$(SRCROOT)/../../core/Cargo.toml",
				"$(SRCROOT)/../../core/area_matrix.udl",
			);
			name = "Build Core Static Library";
			outputPaths = (
				"$(SRCROOT)/../../core/target/aarch64-apple-darwin/$(AREAMATRIX_CORE_PROFILE)/libarea_matrix_core.a",
			);
			runOnlyForDeploymentPostprocessing = 0;
			shellPath = /bin/sh;
			shellScript = "set -euo pipefail\nexport MACOSX_DEPLOYMENT_TARGET=\"${MACOSX_DEPLOYMENT_TARGET:-14.0}\"\nif [ \"${CONFIGURATION:-Debug}\" = \"Release\" ]; then\n  cargo build --manifest-path \"${SRCROOT}/../../core/Cargo.toml\" --target aarch64-apple-darwin --release\nelse\n  cargo build --manifest-path \"${SRCROOT}/../../core/Cargo.toml\" --target aarch64-apple-darwin\nfi\n";
		};
/* End PBXShellScriptBuildPhase section */

/* Begin PBXSourcesBuildPhase section */
		0A0000000000000000000050 /* Sources */ = {
			isa = PBXSourcesBuildPhase;
			buildActionMask = 2147483647;
			files = (
				0A0000000000000000000002 /* AreaMatrixApp.swift in Sources */,
				0A0000000000000000000003 /* MainWindow.swift in Sources */,
				0A0000000000000000000005 /* CoreBridge.swift in Sources */,
				0A0000000000000000000006 /* AppShellModel.swift in Sources */,
				0A000000000000000000014E /* OnboardingRoute.swift in Sources */,
				0A0000000000000000000007 /* CoreBridgePlaceholderState.swift in Sources */,
				0A0000000000000000000124 /* AppPlatformServices.swift in Sources */,
				0A0000000000000000000120 /* ImportEntryRequest.swift in Sources */,
				0A0000000000000000000130 /* MainFileListModel.swift in Sources */,
				0A0000000000000000000134 /* MainListVisibleFileFiltering.swift in Sources */,
				0A0000000000000000000122 /* OnboardingModelInputs.swift in Sources */,
				0A0000000000000000000126 /* FileDropAdapter.swift in Sources */,
				0A0000000000000000000168 /* ImportDropTargetView.swift in Sources */,
				0A0000000000000000000128 /* ImportEntrySheetView.swift in Sources */,
				0A0000000000000000000172 /* ImportSingleFileSheetSections.swift in Sources */,
				0A0000000000000000000166 /* ImportDropPreviewModel.swift in Sources */,
				0A000000000000000000016C /* ImportSingleFilePreviewModel.swift in Sources */,
				0A000000000000000000013C /* MainRepositoryDetailPane.swift in Sources */,
				0A000000000000000000013E /* MainFileActionRoutingSheet.swift in Sources */,
				0A0000000000000000000140 /* RenameFileSheet.swift in Sources */,
				0A0000000000000000000142 /* ChangeCategorySheet.swift in Sources */,
				0A0000000000000000000144 /* DeleteFileConfirmSheet.swift in Sources */,
				0A0000000000000000000146 /* MainLoadingState.swift in Sources */,
				0A000000000000000000014C /* StartupRecoveryModels.swift in Sources */,
				0A0000000000000000000148 /* MainLoadingView.swift in Sources */,
				0A000000000000000000015C /* RepositoryErrorPresentation.swift in Sources */,
				0A000000000000000000015E /* RepositoryErrorView.swift in Sources */,
				0A00000000000000000000D0 /* MainRepositoryContentView.swift in Sources */,
				0A0000000000000000000009 /* area_matrix.swift in Sources */,
				0A000000000000000000000A /* ValidatePathStepView.swift in Sources */,
				0A000000000000000000000C /* InitializingStepView.swift in Sources */,
				0A00000000000000000000F4 /* InitFailedStepView.swift in Sources */,
				0A00000000000000000000F0 /* OnboardingIntroStepViews.swift in Sources */,
				0A00000000000000000000F2 /* WindowCloseConfirmationObserver.swift in Sources */,
				0A000000000000000000000E /* OnboardingInitializationProgress.swift in Sources */,
				0A000000000000000000000F /* InitializingStepRow.swift in Sources */,
				0A00000000000000000000B0 /* InitializationFailureActions.swift in Sources */,
				0A00000000000000000000F6 /* DiagnosticsSnapshotState.swift in Sources */,
				0A00000000000000000000C0 /* CoreRepositoryOpening.swift in Sources */,
				0A00000000000000000000F8 /* CoreBridgeSnapshots.swift in Sources */,
				0A0000000000000000000100 /* CoreFileListing.swift in Sources */,
				0A0000000000000000000170 /* CoreImporting.swift in Sources */,
				0A0000000000000000000156 /* CoreExternalChangesSyncing.swift in Sources */,
				0A0000000000000000000158 /* MainRepoExternalRemovalActions.swift in Sources */,
				0A0000000000000000000162 /* MainRepoErrorActions.swift in Sources */,
			);
			runOnlyForDeploymentPostprocessing = 0;
		};
		0A0000000000000000000052 /* Sources */ = {
			isa = PBXSourcesBuildPhase;
			buildActionMask = 2147483647;
			files = (
				0A0000000000000000000004 /* AreaMatrixAppSmokeTests.swift in Sources */,
				0A0000000000000000000008 /* AreaMatrixShellTests.swift in Sources */,
				0A000000000000000000015A /* MainRepoExternalRemovalTests.swift in Sources */,
				0A0000000000000000000160 /* MainRepoErrorMappingTests.swift in Sources */,
				0A0000000000000000000164 /* MainWindowIntegrationVerifyTests.swift in Sources */,
				0A000000000000000000000B /* ValidatePathIntegrationTests.swift in Sources */,
				0A000000000000000000000D /* InitializingStepIntegrationTests.swift in Sources */,
				0A00000000000000000000B1 /* InitFailedErrorMappingTests.swift in Sources */,
				0A00000000000000000000C1 /* InitDoneEmptyRepositoryTests.swift in Sources */,
				0A0000000000000000000154 /* InitDoneTestSupport.swift in Sources */,
				0A0000000000000000000110 /* MainEmptyBuildTreeTests.swift in Sources */,
				0A000000000000000000012A /* MainEmptyImportEntryTests.swift in Sources */,
				0A000000000000000000016A /* ImportDropPreviewModelTests.swift in Sources */,
				0A000000000000000000016E /* ImportSingleFilePreviewModelTests.swift in Sources */,
				0A0000000000000000000132 /* MainListFilesTests.swift in Sources */,
				0A0000000000000000000136 /* MainListIntegrationFilterTests.swift in Sources */,
				0A0000000000000000000138 /* MainListIntegrationClosureTests.swift in Sources */,
				0A000000000000000000014A /* MainLoadingAdoptExistingTests.swift in Sources */,
				0A0000000000000000000150 /* MainLoadingTestSupport.swift in Sources */,
				0A0000000000000000000152 /* MainLoadingFixtures.swift in Sources */,
				0A00000000000000000000E0 /* CoreBridgeRepositoryTests.swift in Sources */,
				0A00000000000000000000FA /* ValidatePathErrorMappingSmokeTests.swift in Sources */,
				0A00000000000000000000FC /* AreaMatrixShellTestSupport.swift in Sources */,
				0A00000000000000000000FE /* ValidatePathRepairTestSupport.swift in Sources */,
			);
			runOnlyForDeploymentPostprocessing = 0;
		};
/* End PBXSourcesBuildPhase section */

/* Begin PBXTargetDependency section */
		0A0000000000000000000060 /* PBXTargetDependency */ = {
			isa = PBXTargetDependency;
			target = 0A0000000000000000000040 /* AreaMatrix */;
			targetProxy = 0A0000000000000000000061 /* PBXContainerItemProxy */;
		};
/* End PBXTargetDependency section */

/* Begin XCBuildConfiguration section */
		0A0000000000000000000080 /* Debug */ = {
			isa = XCBuildConfiguration;
			buildSettings = {
				AREAMATRIX_CORE_PROFILE = debug;
				CODE_SIGN_ENTITLEMENTS = "";
				CODE_SIGN_STYLE = Automatic;
				CURRENT_PROJECT_VERSION = 1;
				ENABLE_HARDENED_RUNTIME = YES;
				GENERATE_INFOPLIST_FILE = YES;
				HEADER_SEARCH_PATHS = (
					"$(inherited)",
					"$(SRCROOT)/AreaMatrix/Bridge/UniFFI",
				);
				INFOPLIST_KEY_CFBundleDisplayName = AreaMatrix;
				INFOPLIST_KEY_LSApplicationCategoryType = "public.app-category.productivity";
				INFOPLIST_KEY_NSPrincipalClass = NSApplication;
				LIBRARY_SEARCH_PATHS = (
					"$(inherited)",
					"$(SRCROOT)/../../core/target/aarch64-apple-darwin/$(AREAMATRIX_CORE_PROFILE)",
				);
				MACOSX_DEPLOYMENT_TARGET = 14.0;
				MARKETING_VERSION = 0.1.0;
				OTHER_LDFLAGS = (
					"$(inherited)",
					"-larea_matrix_core",
				);
				PRODUCT_BUNDLE_IDENTIFIER = app.areamatrix.AreaMatrix;
				PRODUCT_NAME = "$(TARGET_NAME)";
				SDKROOT = macosx;
				SWIFT_INCLUDE_PATHS = (
					"$(inherited)",
					"$(SRCROOT)/AreaMatrix/Bridge/UniFFI",
				);
				SWIFT_OBJC_BRIDGING_HEADER = "AreaMatrix/AreaMatrix-Bridging-Header.h";
				SWIFT_VERSION = 5.0;
			};
			name = Debug;
		};
		0A0000000000000000000081 /* Release */ = {
			isa = XCBuildConfiguration;
			buildSettings = {
				AREAMATRIX_CORE_PROFILE = release;
				CODE_SIGN_ENTITLEMENTS = "";
				CODE_SIGN_STYLE = Automatic;
				CURRENT_PROJECT_VERSION = 1;
				ENABLE_HARDENED_RUNTIME = YES;
				GENERATE_INFOPLIST_FILE = YES;
				HEADER_SEARCH_PATHS = (
					"$(inherited)",
					"$(SRCROOT)/AreaMatrix/Bridge/UniFFI",
				);
				INFOPLIST_KEY_CFBundleDisplayName = AreaMatrix;
				INFOPLIST_KEY_LSApplicationCategoryType = "public.app-category.productivity";
				INFOPLIST_KEY_NSPrincipalClass = NSApplication;
				LIBRARY_SEARCH_PATHS = (
					"$(inherited)",
					"$(SRCROOT)/../../core/target/aarch64-apple-darwin/$(AREAMATRIX_CORE_PROFILE)",
				);
				MACOSX_DEPLOYMENT_TARGET = 14.0;
				MARKETING_VERSION = 0.1.0;
				OTHER_LDFLAGS = (
					"$(inherited)",
					"-larea_matrix_core",
				);
				PRODUCT_BUNDLE_IDENTIFIER = app.areamatrix.AreaMatrix;
				PRODUCT_NAME = "$(TARGET_NAME)";
				SDKROOT = macosx;
				SWIFT_INCLUDE_PATHS = (
					"$(inherited)",
					"$(SRCROOT)/AreaMatrix/Bridge/UniFFI",
				);
				SWIFT_OBJC_BRIDGING_HEADER = "AreaMatrix/AreaMatrix-Bridging-Header.h";
				SWIFT_VERSION = 5.0;
			};
			name = Release;
		};
		0A0000000000000000000084 /* Debug */ = {
			isa = XCBuildConfiguration;
			buildSettings = {
				CODE_SIGN_STYLE = Automatic;
				CURRENT_PROJECT_VERSION = 1;
				GENERATE_INFOPLIST_FILE = YES;
				HEADER_SEARCH_PATHS = (
					"$(inherited)",
					"$(SRCROOT)/AreaMatrix/Bridge/UniFFI",
				);
				INFOPLIST_KEY_CFBundleDisplayName = AreaMatrixTests;
				LD_RUNPATH_SEARCH_PATHS = (
					"$(inherited)",
					"@executable_path/../Frameworks",
					"@loader_path/../Frameworks",
					"$(BUILT_PRODUCTS_DIR)/AreaMatrix.app/Contents/MacOS",
				);
				MACOSX_DEPLOYMENT_TARGET = 14.0;
				OTHER_LDFLAGS = "$(BUILT_PRODUCTS_DIR)/AreaMatrix.app/Contents/MacOS/AreaMatrix.debug.dylib";
				MARKETING_VERSION = 0.1.0;
				PRODUCT_BUNDLE_IDENTIFIER = app.areamatrix.AreaMatrixTests;
				PRODUCT_NAME = "$(TARGET_NAME)";
				SDKROOT = macosx;
				SWIFT_INCLUDE_PATHS = (
					"$(inherited)",
					"$(SRCROOT)/AreaMatrix/Bridge/UniFFI",
				);
				SWIFT_VERSION = 5.0;
			};
			name = Debug;
		};
		0A0000000000000000000085 /* Release */ = {
			isa = XCBuildConfiguration;
			buildSettings = {
				CODE_SIGN_STYLE = Automatic;
				CURRENT_PROJECT_VERSION = 1;
				GENERATE_INFOPLIST_FILE = YES;
				HEADER_SEARCH_PATHS = (
					"$(inherited)",
					"$(SRCROOT)/AreaMatrix/Bridge/UniFFI",
				);
				INFOPLIST_KEY_CFBundleDisplayName = AreaMatrixTests;
				LD_RUNPATH_SEARCH_PATHS = (
					"$(inherited)",
					"@executable_path/../Frameworks",
					"@loader_path/../Frameworks",
					"$(BUILT_PRODUCTS_DIR)/AreaMatrix.app/Contents/MacOS",
				);
				MACOSX_DEPLOYMENT_TARGET = 14.0;
				OTHER_LDFLAGS = "$(BUILT_PRODUCTS_DIR)/AreaMatrix.app/Contents/MacOS/AreaMatrix.debug.dylib";
				MARKETING_VERSION = 0.1.0;
				PRODUCT_BUNDLE_IDENTIFIER = app.areamatrix.AreaMatrixTests;
				PRODUCT_NAME = "$(TARGET_NAME)";
				SDKROOT = macosx;
				SWIFT_INCLUDE_PATHS = (
					"$(inherited)",
					"$(SRCROOT)/AreaMatrix/Bridge/UniFFI",
				);
				SWIFT_VERSION = 5.0;
			};
			name = Release;
		};
		0A0000000000000000000082 /* Debug */ = {
			isa = XCBuildConfiguration;
			buildSettings = {
				CLANG_ANALYZER_NONNULL = YES;
				CLANG_ANALYZER_NUMBER_OBJECT_CONVERSION = YES_AGGRESSIVE;
				CLANG_CXX_LANGUAGE_STANDARD = "gnu++20";
				CLANG_ENABLE_MODULES = YES;
				CLANG_ENABLE_OBJC_ARC = YES;
				CLANG_WARN_BLOCK_CAPTURE_AUTORELEASING = YES;
				CLANG_WARN_BOOL_CONVERSION = YES;
				CLANG_WARN_COMMA = YES;
				CLANG_WARN_CONSTANT_CONVERSION = YES;
				CLANG_WARN_DEPRECATED_OBJC_IMPLEMENTATIONS = YES;
				CLANG_WARN_DIRECT_OBJC_ISA_USAGE = YES_ERROR;
				CLANG_WARN_DOCUMENTATION_COMMENTS = YES;
				CLANG_WARN_EMPTY_BODY = YES;
				CLANG_WARN_ENUM_CONVERSION = YES;
				CLANG_WARN_INFINITE_RECURSION = YES;
				CLANG_WARN_INT_CONVERSION = YES;
				CLANG_WARN_NON_LITERAL_NULL_CONVERSION = YES;
				CLANG_WARN_OBJC_IMPLICIT_RETAIN_SELF = YES;
				CLANG_WARN_OBJC_LITERAL_CONVERSION = YES;
				CLANG_WARN_OBJC_ROOT_CLASS = YES_ERROR;
				CLANG_WARN_QUOTED_INCLUDE_IN_FRAMEWORK_HEADER = YES;
				CLANG_WARN_RANGE_LOOP_ANALYSIS = YES;
				CLANG_WARN_STRICT_PROTOTYPES = YES;
				CLANG_WARN_SUSPICIOUS_MOVE = YES;
				CLANG_WARN_UNGUARDED_AVAILABILITY = YES_AGGRESSIVE;
				CLANG_WARN_UNREACHABLE_CODE = YES;
				CLANG_WARN__DUPLICATE_METHOD_MATCH = YES;
				COPY_PHASE_STRIP = NO;
				DEBUG_INFORMATION_FORMAT = dwarf;
				ENABLE_STRICT_OBJC_MSGSEND = YES;
				ENABLE_TESTABILITY = YES;
				GCC_C_LANGUAGE_STANDARD = gnu17;
				GCC_DYNAMIC_NO_PIC = NO;
				GCC_NO_COMMON_BLOCKS = YES;
				GCC_OPTIMIZATION_LEVEL = 0;
				GCC_PREPROCESSOR_DEFINITIONS = (
					"DEBUG=1",
					"$(inherited)",
				);
				GCC_WARN_64_TO_32_BIT_CONVERSION = YES;
				GCC_WARN_ABOUT_RETURN_TYPE = YES_ERROR;
				GCC_WARN_UNDECLARED_SELECTOR = YES;
				GCC_WARN_UNINITIALIZED_AUTOS = YES_AGGRESSIVE;
				GCC_WARN_UNUSED_FUNCTION = YES;
				GCC_WARN_UNUSED_VARIABLE = YES;
				ONLY_ACTIVE_ARCH = YES;
				SWIFT_ACTIVE_COMPILATION_CONDITIONS = DEBUG;
				SWIFT_OPTIMIZATION_LEVEL = "-Onone";
			};
			name = Debug;
		};
		0A0000000000000000000083 /* Release */ = {
			isa = XCBuildConfiguration;
			buildSettings = {
				CLANG_ANALYZER_NONNULL = YES;
				CLANG_ANALYZER_NUMBER_OBJECT_CONVERSION = YES_AGGRESSIVE;
				CLANG_CXX_LANGUAGE_STANDARD = "gnu++20";
				CLANG_ENABLE_MODULES = YES;
				CLANG_ENABLE_OBJC_ARC = YES;
				CLANG_WARN_BLOCK_CAPTURE_AUTORELEASING = YES;
				CLANG_WARN_BOOL_CONVERSION = YES;
				CLANG_WARN_COMMA = YES;
				CLANG_WARN_CONSTANT_CONVERSION = YES;
				CLANG_WARN_DEPRECATED_OBJC_IMPLEMENTATIONS = YES;
				CLANG_WARN_DIRECT_OBJC_ISA_USAGE = YES_ERROR;
				CLANG_WARN_DOCUMENTATION_COMMENTS = YES;
				CLANG_WARN_EMPTY_BODY = YES;
				CLANG_WARN_ENUM_CONVERSION = YES;
				CLANG_WARN_INFINITE_RECURSION = YES;
				CLANG_WARN_INT_CONVERSION = YES;
				CLANG_WARN_NON_LITERAL_NULL_CONVERSION = YES;
				CLANG_WARN_OBJC_IMPLICIT_RETAIN_SELF = YES;
				CLANG_WARN_OBJC_LITERAL_CONVERSION = YES;
				CLANG_WARN_OBJC_ROOT_CLASS = YES_ERROR;
				CLANG_WARN_QUOTED_INCLUDE_IN_FRAMEWORK_HEADER = YES;
				CLANG_WARN_RANGE_LOOP_ANALYSIS = YES;
				CLANG_WARN_STRICT_PROTOTYPES = YES;
				CLANG_WARN_SUSPICIOUS_MOVE = YES;
				CLANG_WARN_UNGUARDED_AVAILABILITY = YES_AGGRESSIVE;
				CLANG_WARN_UNREACHABLE_CODE = YES;
				CLANG_WARN__DUPLICATE_METHOD_MATCH = YES;
				COPY_PHASE_STRIP = NO;
				DEBUG_INFORMATION_FORMAT = "dwarf-with-dsym";
				ENABLE_NS_ASSERTIONS = NO;
				ENABLE_STRICT_OBJC_MSGSEND = YES;
				GCC_C_LANGUAGE_STANDARD = gnu17;
				GCC_NO_COMMON_BLOCKS = YES;
				GCC_WARN_64_TO_32_BIT_CONVERSION = YES;
				GCC_WARN_ABOUT_RETURN_TYPE = YES_ERROR;
				GCC_WARN_UNDECLARED_SELECTOR = YES;
				GCC_WARN_UNINITIALIZED_AUTOS = YES_AGGRESSIVE;
				GCC_WARN_UNUSED_FUNCTION = YES;
				GCC_WARN_UNUSED_VARIABLE = YES;
				SWIFT_COMPILATION_MODE = wholemodule;
				SWIFT_OPTIMIZATION_LEVEL = "-O";
			};
			name = Release;
		};
/* End XCBuildConfiguration section */

/* Begin XCConfigurationList section */
		0A0000000000000000000070 /* Build configuration list for PBXNativeTarget "AreaMatrix" */ = {
			isa = XCConfigurationList;
			buildConfigurations = (
				0A0000000000000000000080 /* Debug */,
				0A0000000000000000000081 /* Release */,
			);
			defaultConfigurationIsVisible = 0;
			defaultConfigurationName = Release;
		};
		0A0000000000000000000071 /* Build configuration list for PBXProject "AreaMatrix" */ = {
			isa = XCConfigurationList;
			buildConfigurations = (
				0A0000000000000000000082 /* Debug */,
				0A0000000000000000000083 /* Release */,
			);
			defaultConfigurationIsVisible = 0;
			defaultConfigurationName = Release;
		};
		0A0000000000000000000072 /* Build configuration list for PBXNativeTarget "AreaMatrixTests" */ = {
			isa = XCConfigurationList;
			buildConfigurations = (
				0A0000000000000000000084 /* Debug */,
				0A0000000000000000000085 /* Release */,
			);
			defaultConfigurationIsVisible = 0;
			defaultConfigurationName = Release;
		};
/* End XCConfigurationList section */
	};
	rootObject = 0A0000000000000000000030 /* Project object */;
}
